
Microsoft Visual Studio Solution File, Format Version 12.00
# Visual Studio 15
VisualStudioVersion = 15.0.27004.2006
MinimumVisualStudioVersion = 10.0.40219.1
Project("{FAE04EC0-301F-11D3-BF4B-00C04F79EFBC}") = "ConsoleAppTesting", "ConsoleAppTesting\ConsoleAppTesting.csproj", "{437814A9-F8EF-4DBC-8D58-AA1F1A2A7588}"
EndProject
Project("{FAE04EC0-301F-11D3-BF4B-00C04F79EFBC}") = "UnitTestConsoleTesting", "UnitTestConsoleTesting\UnitTestConsoleTesting.csproj", "{58672293-9C63-4F7C-A3EC-B5367ADFBF09}"
EndProject
Global
	GlobalSection(SolutionConfigurationPlatforms) = preSolution
		Debug|Any CPU = Debug|Any CPU
		Release|Any CPU = Release|Any CPU
	EndGlobalSection
	GlobalSection(ProjectConfigurationPlatforms) = postSolution
		{437814A9-F8EF-4DBC-8D58-AA1F1A2A7588}.Debug|Any CPU.ActiveCfg = Debug|Any CPU
		{437814A9-F8EF-4DBC-8D58-AA1F1A2A7588}.Debug|Any CPU.Build.0 = Debug|Any CPU
		{437814A9-F8EF-4DBC-8D58-AA1F1A2A7588}.Release|Any CPU.ActiveCfg = Release|Any CPU
		{437814A9-F8EF-4DBC-8D58-AA1F1A2A7588}.Release|Any CPU.Build.0 = Release|Any CPU
		{58672293-9C63-4F7C-A3EC-B5367ADFBF09}.Debug|Any CPU.ActiveCfg = Debug|Any CPU
		{58672293-9C63-4F7C-A3EC-B5367ADFBF09}.Debug|Any CPU.Build.0 = Debug|Any CPU
		{58672293-9C63-4F7C-A3EC-B5367ADFBF09}.Release|Any CPU.ActiveCfg = Release|Any CPU
		{58672293-9C63-4F7C-A3EC-B5367ADFBF09}.Release|Any CPU.Build.0 = Release|Any CPU
	EndGlobalSection
	GlobalSection(SolutionProperties) = preSolution
		HideSolutionNode = FALSE
	EndGlobalSection
	GlobalSection(ExtensibilityGlobals) = postSolution
		SolutionGuid = {8E1AC821-4977-412B-834A-CE26632A4D48}
	EndGlobalSection
EndGlobal
